
Microsoft Visual Studio Solution File, Format Version 12.00
# Visual Studio 15
VisualStudioVersion = 15.0.26730.8
MinimumVisualStudioVersion = 10.0.40219.1
Project("{FAE04EC0-301F-11D3-BF4B-00C04F79EFBC}") = "FlashCardMaker", "FlashCardMaker\FlashCardMaker.csproj", "{92716953-03EF-4BC1-8880-583777ACAA35}"
EndProject
Global
	GlobalSection(SolutionConfigurationPlatforms) = preSolution
		Debug|Any CPU = Debug|Any CPU
		Release|Any CPU = Release|Any CPU
	EndGlobalSection
	GlobalSection(ProjectConfigurationPlatforms) = postSolution
		{92716953-03EF-4BC1-8880-583777ACAA35}.Debug|Any CPU.ActiveCfg = Debug|Any CPU
		{92716953-03EF-4BC1-8880-583777ACAA35}.Debug|Any CPU.Build.0 = Debug|Any CPU
		{92716953-03EF-4BC1-8880-583777ACAA35}.Release|Any CPU.ActiveCfg = Release|Any CPU
		{92716953-03EF-4BC1-8880-583777ACAA35}.Release|Any CPU.Build.0 = Release|Any CPU
	EndGlobalSection
	GlobalSection(SolutionProperties) = preSolution
		HideSolutionNode = FALSE
	EndGlobalSection
	GlobalSection(ExtensibilityGlobals) = postSolution
		SolutionGuid = {314F3DFE-0E6B-4241-986F-BD451FE9E99A}
	EndGlobalSection
EndGlobal
